
Microsoft Visual Studio Solution File, Format Version 12.00
# Visual Studio Version 16
VisualStudioVersion = 16.0.31515.178
MinimumVisualStudioVersion = 10.0.40219.1
Project("{FAE04EC0-301F-11D3-BF4B-00C04F79EFBC}") = "SP-Project-NutritionApp-AhmetFurkanKARAOGLU", "SP-Project-NutritionApp-AhmetFurkanKARAOGLU\SP-Project-NutritionApp-AhmetFurkanKARAOGLU.csproj", "{662C87E0-9926-4848-BD0F-F347EEDEA314}"
EndProject
Global
	GlobalSection(SolutionConfigurationPlatforms) = preSolution
		Debug|Any CPU = Debug|Any CPU
		Release|Any CPU = Release|Any CPU
	EndGlobalSection
	GlobalSection(ProjectConfigurationPlatforms) = postSolution
		{662C87E0-9926-4848-BD0F-F347EEDEA314}.Debug|Any CPU.ActiveCfg = Debug|Any CPU
		{662C87E0-9926-4848-BD0F-F347EEDEA314}.Debug|Any CPU.Build.0 = Debug|Any CPU
		{662C87E0-9926-4848-BD0F-F347EEDEA314}.Release|Any CPU.ActiveCfg = Release|Any CPU
		{662C87E0-9926-4848-BD0F-F347EEDEA314}.Release|Any CPU.Build.0 = Release|Any CPU
	EndGlobalSection
	GlobalSection(SolutionProperties) = preSolution
		HideSolutionNode = FALSE
	EndGlobalSection
	GlobalSection(ExtensibilityGlobals) = postSolution
		SolutionGuid = {EC1801C1-E94E-438C-A241-25C849A3C04D}
	EndGlobalSection
EndGlobal
